PODS:
  - XPJLogining (0.0.3):
    - XPJNetworking (~> 0.0.2)
  - XPJNetworking (0.0.2)

DEPENDENCIES:
  - XPJLogining (from `../`)

SPEC REPOS:
  https://github.com/cocoapods/specs.git:
    - XPJNetworking

EXTERNAL SOURCES:
  XPJLogining:
    :path: "../"

SPEC CHECKSUMS:
  XPJLogining: 4d319e822c32198d349d6b272c7a9fc5ad26edc7
  XPJNetworking: d73942753a6ddd5542d2f62cfb47c136245b564e

PODFILE CHECKSUM: 7211fed513190f769848714997099d1f9e115992

COCOAPODS: 1.5.3
